// !$*UTF8*$!
{
	archiveVersion = 1;
	classes = {
	};
	objectVersion = 77;
	objects = {

/* Begin PBXContainerItemProxy section */
		E30F884F2ECF944800F0DC83 /* PBXContainerItemProxy */ = {
			isa = PBXContainerItemProxy;
			containerPortal = E30F88302ECF944600F0DC83 /* Project object */;
			proxyType = 1;
			remoteGlobalIDString = E30F88372ECF944600F0DC83;
			remoteInfo = WidgetDemoIOS;
		};
		E30F88592ECF944800F0DC83 /* PBXContainerItemProxy */ = {
			isa = PBXContainerItemProxy;
			containerPortal = E30F88302ECF944600F0DC83 /* Project object */;
			proxyType = 1;
			remoteGlobalIDString = E30F88372ECF944600F0DC83;
			remoteInfo = WidgetDemoIOS;
		};
/* End PBXContainerItemProxy section */

/* Begin PBXFileReference section */
		E30F88382ECF944600F0DC83 /* WidgetDemoIOS.app */ = {isa = PBXFileReference; explicitFileType = wrapper.application; includeInIndex = 0; path = WidgetDemoIOS.app; sourceTree = BUILT_PRODUCTS_DIR; };
		E30F884E2ECF944800F0DC83 /* WidgetDemoIOSTests.xctest */ = {isa = PBXFileReference; explicitFileType = wrapper.cfbundle; includeInIndex = 0; path = WidgetDemoIOSTests.xctest; sourceTree = BUILT_PRODUCTS_DIR; };
		E30F88582ECF944800F0DC83 /* WidgetDemoIOSUITests.xctest */ = {isa = PBXFileReference; explicitFileType = wrapper.cfbundle; includeInIndex = 0; path = WidgetDemoIOSUITests.xctest; sourceTree = BUILT_PRODUCTS_DIR; };
/* End PBXFileReference section */

/* Begin PBXFileSystemSynchronizedBuildFileExceptionSet section */
		E30F88602ECF944800F0DC83 /* Exceptions for "WidgetDemoIOS" folder in "WidgetDemoIOS" target */ = {
			isa = PBXFileSystemSynchronizedBuildFileExceptionSet;
			membershipExceptions = (
				Info.plist,
			);
			target = E30F88372ECF944600F0DC83 /* WidgetDemoIOS */;
		};
/* End PBXFileSystemSynchronizedBuildFileExceptionSet section */

/* Begin PBXFileSystemSynchronizedRootGroup section */
		E30F883A2ECF944600F0DC83 /* WidgetDemoIOS */ = {
			isa = PBXFileSystemSynchronizedRootGroup;
			exceptions = (
				E30F88602ECF944800F0DC83 /* Exceptions for "WidgetDemoIOS" folder in "WidgetDemoIOS" target */,
			);
			path = WidgetDemoIOS;
			sourceTree = "<group>";
		};
		E30F88512ECF944800F0DC83 /* WidgetDemoIOSTests */ = {
			isa = PBXFileSystemSynchronizedRootGroup;
			path = WidgetDemoIOSTests;
			sourceTree = "<group>";
		};
		E30F885B2ECF944800F0DC83 /* WidgetDemoIOSUITests */ = {
			isa = PBXFileSystemSynchronizedRootGroup;
			path = WidgetDemoIOSUITests;
			sourceTree = "<group>";
		};
/* End PBXFileSystemSynchronizedRootGroup section */

/* Begin PBXFrameworksBuildPhase section */
		E30F88352ECF944600F0DC83 /* Frameworks */ = {
			isa = PBXFrameworksBuildPhase;
			buildActionMask = 2147483647;
			files = (
			);
			runOnlyForDeploymentPostprocessing = 0;
		};
		E30F884B2ECF944800F0DC83 /* Frameworks */ = {
			isa = PBXFrameworksBuildPhase;
			buildActionMask = 2147483647;
			files = (
			);
			runOnlyForDeploymentPostprocessing = 0;
		};
		E30F88552ECF944800F0DC83 /* Frameworks */ = {
			isa = PBXFrameworksBuildPhase;
			buildActionMask = 2147483647;
			files = (
			);
			runOnlyForDeploymentPostprocessing = 0;
		};
/* End PBXFrameworksBuildPhase section */

/* Begin PBXGroup section */
		E30F882F2ECF944600F0DC83 = {
			isa = PBXGroup;
			children = (
				E30F883A2ECF944600F0DC83 /* WidgetDemoIOS */,
				E30F88512ECF944800F0DC83 /* WidgetDemoIOSTests */,
				E30F885B2ECF944800F0DC83 /* WidgetDemoIOSUITests */,
				E30F88392ECF944600F0DC83 /* Products */,
			);
			sourceTree = "<group>";
		};
		E30F88392ECF944600F0DC83 /* Products */ = {
			isa = PBXGroup;
			children = (
				E30F88382ECF944600F0DC83 /* WidgetDemoIOS.app */,
				E30F884E2ECF944800F0DC83 /* WidgetDemoIOSTests.xctest */,
				E30F88582ECF944800F0DC83 /* WidgetDemoIOSUITests.xctest */,
			);
			name = Products;
			sourceTree = "<group>";
		};
/* End PBXGroup section */

/* Begin PBXNativeTarget section */
		E30F88372ECF944600F0DC83 /* WidgetDemoIOS */ = {
			isa = PBXNativeTarget;
			buildConfigurationList = E30F88612ECF944900F0DC83 /* Build configuration list for PBXNativeTarget "WidgetDemoIOS" */;
			buildPhases = (
				E30F88342ECF944600F0DC83 /* Sources */,
				E30F88352ECF944600F0DC83 /* Frameworks */,
				E30F88362ECF944600F0DC83 /* Resources */,
			);
			buildRules = (
			);
			dependencies = (
			);
			fileSystemSynchronizedGroups = (
				E30F883A2ECF944600F0DC83 /* WidgetDemoIOS */,
			);
			name = WidgetDemoIOS;
			packageProductDependencies = (
			);
			productName = WidgetDemoIOS;
			productReference = E30F88382ECF944600F0DC83 /* WidgetDemoIOS.app */;
			productType = "com.apple.product-type.application";
		};
		E30F884D2ECF944800F0DC83 /* WidgetDemoIOSTests */ = {
			isa = PBXNativeTarget;
			buildConfigurationList = E30F88662ECF944900F0DC83 /* Build configuration list for PBXNativeTarget "WidgetDemoIOSTests" */;
			buildPhases = (
				E30F884A2ECF944800F0DC83 /* Sources */,
				E30F884B2ECF944800F0DC83 /* Frameworks */,
				E30F884C2ECF944800F0DC83 /* Resources */,
			);
			buildRules = (
			);
			dependencies = (
				E30F88502ECF944800F0DC83 /* PBXTargetDependency */,
			);
			fileSystemSynchronizedGroups = (
				E30F88512ECF944800F0DC83 /* WidgetDemoIOSTests */,
			);
			name = WidgetDemoIOSTests;
			packageProductDependencies = (
			);
			productName = WidgetDemoIOSTests;
			productReference = E30F884E2ECF944800F0DC83 /* WidgetDemoIOSTests.xctest */;
			productType = "com.apple.product-type.bundle.unit-test";
		};
		E30F88572ECF944800F0DC83 /* WidgetDemoIOSUITests */ = {
			isa = PBXNativeTarget;
			buildConfigurationList = E30F88692ECF944900F0DC83 /* Build configuration list for PBXNativeTarget "WidgetDemoIOSUITests" */;
			buildPhases = (
				E30F88542ECF944800F0DC83 /* Sources */,
				E30F88552ECF944800F0DC83 /* Frameworks */,
				E30F88562ECF944800F0DC83 /* Resources */,
			);
			buildRules = (
			);
			dependencies = (
				E30F885A2ECF944800F0DC83 /* PBXTargetDependency */,
			);
			fileSystemSynchronizedGroups = (
				E30F885B2ECF944800F0DC83 /* WidgetDemoIOSUITests */,
			);
			name = WidgetDemoIOSUITests;
			packageProductDependencies = (
			);
			productName = WidgetDemoIOSUITests;
			productReference = E30F88582ECF944800F0DC83 /* WidgetDemoIOSUITests.xctest */;
			productType = "com.apple.product-type.bundle.ui-testing";
		};
/* End PBXNativeTarget section */

/* Begin PBXProject section */
		E30F88302ECF944600F0DC83 /* Project object */ = {
			isa = PBXProject;
			attributes = {
				BuildIndependentTargetsInParallel = 1;
				LastSwiftUpdateCheck = 1610;
				LastUpgradeCheck = 1610;
				TargetAttributes = {
					E30F88372ECF944600F0DC83 = {
						CreatedOnToolsVersion = 16.1;
					};
					E30F884D2ECF944800F0DC83 = {
						CreatedOnToolsVersion = 16.1;
						TestTargetID = E30F88372ECF944600F0DC83;
					};
					E30F88572ECF944800F0DC83 = {
						CreatedOnToolsVersion = 16.1;
						TestTargetID = E30F88372ECF944600F0DC83;
					};
				};
			};
			buildConfigurationList = E30F88332ECF944600F0DC83 /* Build configuration list for PBXProject "WidgetDemoIOS" */;
			developmentRegion = en;
			hasScannedForEncodings = 0;
			knownRegions = (
				en,
				Base,
			);
			mainGroup = E30F882F2ECF944600F0DC83;
			minimizedProjectReferenceProxies = 1;
			preferredProjectObjectVersion = 77;
			productRefGroup = E30F88392ECF944600F0DC83 /* Products */;
			projectDirPath = "";
			projectRoot = "";
			targets = (
				E30F88372ECF944600F0DC83 /* WidgetDemoIOS */,
				E30F884D2ECF944800F0DC83 /* WidgetDemoIOSTests */,
				E30F88572ECF944800F0DC83 /* WidgetDemoIOSUITests */,
			);
		};
/* End PBXProject section */

/* Begin PBXResourcesBuildPhase section */
		E30F88362ECF944600F0DC83 /* Resources */ = {
			isa = PBXResourcesBuildPhase;
			buildActionMask = 2147483647;
			files = (
			);
			runOnlyForDeploymentPostprocessing = 0;
		};
		E30F884C2ECF944800F0DC83 /* Resources */ = {
			isa = PBXResourcesBuildPhase;
			buildActionMask = 2147483647;
			files = (
			);
			runOnlyForDeploymentPostprocessing = 0;
		};
		E30F88562ECF944800F0DC83 /* Resources */ = {
			isa = PBXResourcesBuildPhase;
			buildActionMask = 2147483647;
			files = (
			);
			runOnlyForDeploymentPostprocessing = 0;
		};
/* End PBXResourcesBuildPhase section */

/* Begin PBXSourcesBuildPhase section */
		E30F88342ECF944600F0DC83 /* Sources */ = {
			isa = PBXSourcesBuildPhase;
			buildActionMask = 2147483647;
			files = (
			);
			runOnlyForDeploymentPostprocessing = 0;
		};
		E30F884A2ECF944800F0DC83 /* Sources */ = {
			isa = PBXSourcesBuildPhase;
			buildActionMask = 2147483647;
			files = (
			);
			runOnlyForDeploymentPostprocessing = 0;
		};
		E30F88542ECF944800F0DC83 /* Sources */ = {
			isa = PBXSourcesBuildPhase;
			buildActionMask = 2147483647;
			files = (
			);
			runOnlyForDeploymentPostprocessing = 0;
		};
/* End PBXSourcesBuildPhase section */

/* Begin PBXTargetDependency section */
		E30F88502ECF944800F0DC83 /* PBXTargetDependency */ = {
			isa = PBXTargetDependency;
			target = E30F88372ECF944600F0DC83 /* WidgetDemoIOS */;
			targetProxy = E30F884F2ECF944800F0DC83 /* PBXContainerItemProxy */;
		};
		E30F885A2ECF944800F0DC83 /* PBXTargetDependency */ = {
			isa = PBXTargetDependency;
			target = E30F88372ECF944600F0DC83 /* WidgetDemoIOS */;
			targetProxy = E30F88592ECF944800F0DC83 /* PBXContainerItemProxy */;
		};
/* End PBXTargetDependency section */

/* Begin XCBuildConfiguration section */
		E30F88622ECF944900F0DC83 /* Debug */ = {
			isa = XCBuildConfiguration;
			buildSettings = {
				ASSETCATALOG_COMPILER_APPICON_NAME = AppIcon;
				ASSETCATALOG_COMPILER_GLOBAL_ACCENT_COLOR_NAME = AccentColor;
				CODE_SIGN_STYLE = Automatic;
				CURRENT_PROJECT_VERSION = 1;
				DEVELOPMENT_TEAM = 68YL3RDDT9;
				GENERATE_INFOPLIST_FILE = YES;
				INFOPLIST_FILE = WidgetDemoIOS/Info.plist;
				INFOPLIST_KEY_UIApplicationSupportsIndirectInputEvents = YES;
				INFOPLIST_KEY_UILaunchStoryboardName = LaunchScreen;
				INFOPLIST_KEY_UIMainStoryboardFile = Main;
				INFOPLIST_KEY_UISupportedInterfaceOrientations_iPad = "UIInterfaceOrientationPortrait UIInterfaceOrientationPortraitUpsideDown UIInterfaceOrientationLandscapeLeft UIInterfaceOrientationLandscapeRight";
				INFOPLIST_KEY_UISupportedInterfaceOrientations_iPhone = "UIInterfaceOrientationPortrait UIInterfaceOrientationLandscapeLeft UIInterfaceOrientationLandscapeRight";
				LD_RUNPATH_SEARCH_PATHS = (
					"$(inherited)",
					"@executable_path/Frameworks",
				);
				MARKETING_VERSION = 2.2.5;
				PRODUCT_BUNDLE_IDENTIFIER = ca.virgopay.test;
				PRODUCT_NAME = "$(TARGET_NAME)";
				SWIFT_EMIT_LOC_STRINGS = YES;
				SWIFT_VERSION = 5.0;
				TARGETED_DEVICE_FAMILY = "1,2";
			};
			name = Debug;
		};
		E30F88632ECF944900F0DC83 /* Release */ = {
			isa = XCBuildConfiguration;
			buildSettings = {
				ASSETCATALOG_COMPILER_APPICON_NAME = AppIcon;
				ASSETCATALOG_COMPILER_GLOBAL_ACCENT_COLOR_NAME = AccentColor;
				CODE_SIGN_STYLE = Automatic;
				CURRENT_PROJECT_VERSION = 1;
				DEVELOPMENT_TEAM = 68YL3RDDT9;
				GENERATE_INFOPLIST_FILE = YES;
				INFOPLIST_FILE = WidgetDemoIOS/Info.plist;
				INFOPLIST_KEY_UIApplicationSupportsIndirectInputEvents = YES;
				INFOPLIST_KEY_UILaunchStoryboardName = LaunchScreen;
				INFOPLIST_KEY_UIMainStoryboardFile = Main;
				INFOPLIST_KEY_UISupportedInterfaceOrientations_iPad = "UIInterfaceOrientationPortrait UIInterfaceOrientationPortraitUpsideDown UIInterfaceOrientationLandscapeLeft UIInterfaceOrientationLandscapeRight";
				INFOPLIST_KEY_UISupportedInterfaceOrientations_iPhone = "UIInterfaceOrientationPortrait UIInterfaceOrientationLandscapeLeft UIInterfaceOrientationLandscapeRight";
				LD_RUNPATH_SEARCH_PATHS = (
					"$(inherited)",
					"@executable_path/Frameworks",
				);
				MARKETING_VERSION = 2.2.5;
				PRODUCT_BUNDLE_IDENTIFIER = ca.virgopay.test;
				PRODUCT_NAME = "$(TARGET_NAME)";
				SWIFT_EMIT_LOC_STRINGS = YES;
				SWIFT_VERSION = 5.0;
				TARGETED_DEVICE_FAMILY = "1,2";
			};
			name = Release;
		};
		E30F88642ECF944900F0DC83 /* Debug */ = {
			isa = XCBuildConfiguration;
			buildSettings = {
				ALWAYS_SEARCH_USER_PATHS = NO;
				ASSETCATALOG_COMPILER_GENERATE_SWIFT_ASSET_SYMBOL_EXTENSIONS = YES;
				CLANG_ANALYZER_NONNULL = YES;
				CLANG_ANALYZER_NUMBER_OBJECT_CONVERSION = YES_AGGRESSIVE;
				CLANG_CXX_LANGUAGE_STANDARD = "gnu++20";
				CLANG_ENABLE_MODULES = YES;
				CLANG_ENABLE_OBJC_ARC = YES;
				CLANG_ENABLE_OBJC_WEAK = YES;
				CLANG_WARN_BLOCK_CAPTURE_AUTORELEASING = YES;
				CLANG_WARN_BOOL_CONVERSION = YES;
				CLANG_WARN_COMMA = YES;
				CLANG_WARN_CONSTANT_CONVERSION = YES;
				CLANG_WARN_DEPRECATED_OBJC_IMPLEMENTATIONS = YES;
				CLANG_WARN_DIRECT_OBJC_ISA_USAGE = YES_ERROR;
				CLANG_WARN_DOCUMENTATION_COMMENTS = YES;
				CLANG_WARN_EMPTY_BODY = YES;
				CLANG_WARN_ENUM_CONVERSION = YES;
				CLANG_WARN_INFINITE_RECURSION = YES;
				CLANG_WARN_INT_CONVERSION = YES;
				CLANG_WARN_NON_LITERAL_NULL_CONVERSION = YES;
				CLANG_WARN_OBJC_IMPLICIT_RETAIN_SELF = YES;
				CLANG_WARN_OBJC_LITERAL_CONVERSION = YES;
				CLANG_WARN_OBJC_ROOT_CLASS = YES_ERROR;
				CLANG_WARN_QUOTED_INCLUDE_IN_FRAMEWORK_HEADER = YES;
				CLANG_WARN_RANGE_LOOP_ANALYSIS = YES;
				CLANG_WARN_STRICT_PROTOTYPES = YES;
				CLANG_WARN_SUSPICIOUS_MOVE = YES;
				CLANG_WARN_UNGUARDED_AVAILABILITY = YES_AGGRESSIVE;
				CLANG_WARN_UNREACHABLE_CODE = YES;
				CLANG_WARN__DUPLICATE_METHOD_MATCH = YES;
				COPY_PHASE_STRIP = NO;
				DEBUG_INFORMATION_FORMAT = dwarf;
				ENABLE_STRICT_OBJC_MSGSEND = YES;
				ENABLE_TESTABILITY = YES;
				ENABLE_USER_SCRIPT_SANDBOXING = YES;
				GCC_C_LANGUAGE_STANDARD = gnu17;
				GCC_DYNAMIC_NO_PIC = NO;
				GCC_NO_COMMON_BLOCKS = YES;
				GCC_OPTIMIZATION_LEVEL = 0;
				GCC_PREPROCESSOR_DEFINITIONS = (
					"DEBUG=1",
					"$(inherited)",
				);
				GCC_WARN_64_TO_32_BIT_CONVERSION = YES;
				GCC_WARN_ABOUT_RETURN_TYPE = YES_ERROR;
				GCC_WARN_UNDECLARED_SELECTOR = YES;
				GCC_WARN_UNINITIALIZED_AUTOS = YES_AGGRESSIVE;
				GCC_WARN_UNUSED_FUNCTION = YES;
				GCC_WARN_UNUSED_VARIABLE = YES;
				IPHONEOS_DEPLOYMENT_TARGET = 18.1;
				LOCALIZATION_PREFERS_STRING_CATALOGS = YES;
				MTL_ENABLE_DEBUG_INFO = INCLUDE_SOURCE;
				MTL_FAST_MATH = YES;
				ONLY_ACTIVE_ARCH = YES;
				SDKROOT = iphoneos;
				SWIFT_ACTIVE_COMPILATION_CONDITIONS = "DEBUG $(inherited)";
				SWIFT_OPTIMIZATION_LEVEL = "-Onone";
			};
			name = Debug;
		};
		E30F88652ECF944900F0DC83 /* Release */ = {
			isa = XCBuildConfiguration;
			buildSettings = {
				ALWAYS_SEARCH_USER_PATHS = NO;
				ASSETCATALOG_COMPILER_GENERATE_SWIFT_ASSET_SYMBOL_EXTENSIONS = YES;
				CLANG_ANALYZER_NONNULL = YES;
				CLANG_ANALYZER_NUMBER_OBJECT_CONVERSION = YES_AGGRESSIVE;
				CLANG_CXX_LANGUAGE_STANDARD = "gnu++20";
				CLANG_ENABLE_MODULES = YES;
				CLANG_ENABLE_OBJC_ARC = YES;
				CLANG_ENABLE_OBJC_WEAK = YES;
				CLANG_WARN_BLOCK_CAPTURE_AUTORELEASING = YES;
				CLANG_WARN_BOOL_CONVERSION = YES;
				CLANG_WARN_COMMA = YES;
				CLANG_WARN_CONSTANT_CONVERSION = YES;
				CLANG_WARN_DEPRECATED_OBJC_IMPLEMENTATIONS = YES;
				CLANG_WARN_DIRECT_OBJC_ISA_USAGE = YES_ERROR;
				CLANG_WARN_DOCUMENTATION_COMMENTS = YES;
				CLANG_WARN_EMPTY_BODY = YES;
				CLANG_WARN_ENUM_CONVERSION = YES;
				CLANG_WARN_INFINITE_RECURSION = YES;
				CLANG_WARN_INT_CONVERSION = YES;
				CLANG_WARN_NON_LITERAL_NULL_CONVERSION = YES;
				CLANG_WARN_OBJC_IMPLICIT_RETAIN_SELF = YES;
				CLANG_WARN_OBJC_LITERAL_CONVERSION = YES;
				CLANG_WARN_OBJC_ROOT_CLASS = YES_ERROR;
				CLANG_WARN_QUOTED_INCLUDE_IN_FRAMEWORK_HEADER = YES;
				CLANG_WARN_RANGE_LOOP_ANALYSIS = YES;
				CLANG_WARN_STRICT_PROTOTYPES = YES;
				CLANG_WARN_SUSPICIOUS_MOVE = YES;
				CLANG_WARN_UNGUARDED_AVAILABILITY = YES_AGGRESSIVE;
				CLANG_WARN_UNREACHABLE_CODE = YES;
				CLANG_WARN__DUPLICATE_METHOD_MATCH = YES;
				COPY_PHASE_STRIP = NO;
				DEBUG_INFORMATION_FORMAT = "dwarf-with-dsym";
				ENABLE_NS_ASSERTIONS = NO;
				ENABLE_STRICT_OBJC_MSGSEND = YES;
				ENABLE_USER_SCRIPT_SANDBOXING = YES;
				GCC_C_LANGUAGE_STANDARD = gnu17;
				GCC_NO_COMMON_BLOCKS = YES;
				GCC_WARN_64_TO_32_BIT_CONVERSION = YES;
				GCC_WARN_ABOUT_RETURN_TYPE = YES_ERROR;
				GCC_WARN_UNDECLARED_SELECTOR = YES;
				GCC_WARN_UNINITIALIZED_AUTOS = YES_AGGRESSIVE;
				GCC_WARN_UNUSED_FUNCTION = YES;
				GCC_WARN_UNUSED_VARIABLE = YES;
				IPHONEOS_DEPLOYMENT_TARGET = 18.1;
				LOCALIZATION_PREFERS_STRING_CATALOGS = YES;
				MTL_ENABLE_DEBUG_INFO = NO;
				MTL_FAST_MATH = YES;
				SDKROOT = iphoneos;
				SWIFT_COMPILATION_MODE = wholemodule;
				VALIDATE_PRODUCT = YES;
			};
			name = Release;
		};
		E30F88672ECF944900F0DC83 /* Debug */ = {
			isa = XCBuildConfiguration;
			buildSettings = {
				BUNDLE_LOADER = "$(TEST_HOST)";
				CODE_SIGN_STYLE = Automatic;
				CURRENT_PROJECT_VERSION = 1;
				DEVELOPMENT_TEAM = 68YL3RDDT9;
				GENERATE_INFOPLIST_FILE = YES;
				IPHONEOS_DEPLOYMENT_TARGET = 18.1;
				MARKETING_VERSION = 1.0;
				PRODUCT_BUNDLE_IDENTIFIER = com.virgocx.WidgetDemoIOSTests;
				PRODUCT_NAME = "$(TARGET_NAME)";
				SWIFT_EMIT_LOC_STRINGS = NO;
				SWIFT_VERSION = 5.0;
				TARGETED_DEVICE_FAMILY = "1,2";
				TEST_HOST = "$(BUILT_PRODUCTS_DIR)/WidgetDemoIOS.app/$(BUNDLE_EXECUTABLE_FOLDER_PATH)/WidgetDemoIOS";
			};
			name = Debug;
		};
		E30F88682ECF944900F0DC83 /* Release */ = {
			isa = XCBuildConfiguration;
			buildSettings = {
				BUNDLE_LOADER = "$(TEST_HOST)";
				CODE_SIGN_STYLE = Automatic;
				CURRENT_PROJECT_VERSION = 1;
				DEVELOPMENT_TEAM = 68YL3RDDT9;
				GENERATE_INFOPLIST_FILE = YES;
				IPHONEOS_DEPLOYMENT_TARGET = 18.1;
				MARKETING_VERSION = 1.0;
				PRODUCT_BUNDLE_IDENTIFIER = com.virgocx.WidgetDemoIOSTests;
				PRODUCT_NAME = "$(TARGET_NAME)";
				SWIFT_EMIT_LOC_STRINGS = NO;
				SWIFT_VERSION = 5.0;
				TARGETED_DEVICE_FAMILY = "1,2";
				TEST_HOST = "$(BUILT_PRODUCTS_DIR)/WidgetDemoIOS.app/$(BUNDLE_EXECUTABLE_FOLDER_PATH)/WidgetDemoIOS";
			};
			name = Release;
		};
		E30F886A2ECF944900F0DC83 /* Debug */ = {
			isa = XCBuildConfiguration;
			buildSettings = {
				CODE_SIGN_STYLE = Automatic;
				CURRENT_PROJECT_VERSION = 1;
				DEVELOPMENT_TEAM = 68YL3RDDT9;
				GENERATE_INFOPLIST_FILE = YES;
				MARKETING_VERSION = 1.0;
				PRODUCT_BUNDLE_IDENTIFIER = com.virgocx.WidgetDemoIOSUITests;
				PRODUCT_NAME = "$(TARGET_NAME)";
				SWIFT_EMIT_LOC_STRINGS = NO;
				SWIFT_VERSION = 5.0;
				TARGETED_DEVICE_FAMILY = "1,2";
				TEST_TARGET_NAME = WidgetDemoIOS;
			};
			name = Debug;
		};
		E30F886B2ECF944900F0DC83 /* Release */ = {
			isa = XCBuildConfiguration;
			buildSettings = {
				CODE_SIGN_STYLE = Automatic;
				CURRENT_PROJECT_VERSION = 1;
				DEVELOPMENT_TEAM = 68YL3RDDT9;
				GENERATE_INFOPLIST_FILE = YES;
				MARKETING_VERSION = 1.0;
				PRODUCT_BUNDLE_IDENTIFIER = com.virgocx.WidgetDemoIOSUITests;
				PRODUCT_NAME = "$(TARGET_NAME)";
				SWIFT_EMIT_LOC_STRINGS = NO;
				SWIFT_VERSION = 5.0;
				TARGETED_DEVICE_FAMILY = "1,2";
				TEST_TARGET_NAME = WidgetDemoIOS;
			};
			name = Release;
		};
/* End XCBuildConfiguration section */

/* Begin XCConfigurationList section */
		E30F88332ECF944600F0DC83 /* Build configuration list for PBXProject "WidgetDemoIOS" */ = {
			isa = XCConfigurationList;
			buildConfigurations = (
				E30F88642ECF944900F0DC83 /* Debug */,
				E30F88652ECF944900F0DC83 /* Release */,
			);
			defaultConfigurationIsVisible = 0;
			defaultConfigurationName = Release;
		};
		E30F88612ECF944900F0DC83 /* Build configuration list for PBXNativeTarget "WidgetDemoIOS" */ = {
			isa = XCConfigurationList;
			buildConfigurations = (
				E30F88622ECF944900F0DC83 /* Debug */,
				E30F88632ECF944900F0DC83 /* Release */,
			);
			defaultConfigurationIsVisible = 0;
			defaultConfigurationName = Release;
		};
		E30F88662ECF944900F0DC83 /* Build configuration list for PBXNativeTarget "WidgetDemoIOSTests" */ = {
			isa = XCConfigurationList;
			buildConfigurations = (
				E30F88672ECF944900F0DC83 /* Debug */,
				E30F88682ECF944900F0DC83 /* Release */,
			);
			defaultConfigurationIsVisible = 0;
			defaultConfigurationName = Release;
		};
		E30F88692ECF944900F0DC83 /* Build configuration list for PBXNativeTarget "WidgetDemoIOSUITests" */ = {
			isa = XCConfigurationList;
			buildConfigurations = (
				E30F886A2ECF944900F0DC83 /* Debug */,
				E30F886B2ECF944900F0DC83 /* Release */,
			);
			defaultConfigurationIsVisible = 0;
			defaultConfigurationName = Release;
		};
/* End XCConfigurationList section */
	};
	rootObject = E30F88302ECF944600F0DC83 /* Project object */;
}
